{
  "requires": true,
  "lockfileVersion": 1,
  "dependencies": {
    "json-path": {
      "version": "0.1.3",
      "resolved": "https://registry.npmjs.org/json-path/-/json-path-0.1.3.tgz",
      "integrity": "sha1-3OYTV7OygbKKxkfsCnCbxYoVW/g=",
      "requires": {
        "json-ptr": "0.1.1"
      }
    },
    "json-ptr": {
      "version": "0.1.1",
      "resolved": "https://registry.npmjs.org/json-ptr/-/json-ptr-0.1.1.tgz",
      "integrity": "sha1-urgqMeKSznr54/x/1lrNG7uSSOg="
    },
    "koa-validate": {
      "version": "1.0.7",
      "resolved": "https://registry.npmjs.org/koa-validate/-/koa-validate-1.0.7.tgz",
      "integrity": "sha1-C33T/u6DyuG0aU+gY3ZHfZRetDA=",
      "requires": {
        "json-path": "0.1.3",
        "validator": "5.7.0"
      }
    },
    "validator": {
      "version": "5.7.0",
      "resolved": "https://registry.npmjs.org/validator/-/validator-5.7.0.tgz",
      "integrity": "sha1-eoelgUa2laxIYHEUHAxJ1n2gXlw="
    }
  }
}
